// !$*UTF8*$!
{
	archiveVersion = 1;
	classes = {
	};
	objectVersion = 55;
	objects = {

/* Begin PBXBuildFile section */
		7B18D4FF282F7FFA00480DFD /* LessonApp.swift in Sources */ = {isa = PBXBuildFile; fileRef = 7B18D4FE282F7FFA00480DFD /* LessonApp.swift */; };
		7B18D501282F7FFA00480DFD /* LessonListView.swift in Sources */ = {isa = PBXBuildFile; fileRef = 7B18D500282F7FFA00480DFD /* LessonListView.swift */; };
		7B18D503282F7FFF00480DFD /* Assets.xcassets in Resources */ = {isa = PBXBuildFile; fileRef = 7B18D502282F7FFF00480DFD /* Assets.xcassets */; };
		7B18D506282F7FFF00480DFD /* Preview Assets.xcassets in Resources */ = {isa = PBXBuildFile; fileRef = 7B18D505282F7FFF00480DFD /* Preview Assets.xcassets */; };
		7B18D50D282F805800480DFD /* Lesson.swift in Sources */ = {isa = PBXBuildFile; fileRef = 7B18D50C282F805800480DFD /* Lesson.swift */; };
		7B18D50F282F808F00480DFD /* LessonData.swift in Sources */ = {isa = PBXBuildFile; fileRef = 7B18D50E282F808F00480DFD /* LessonData.swift */; };
		7B18D511282F85A800480DFD /* LessonDetailView.swift in Sources */ = {isa = PBXBuildFile; fileRef = 7B18D510282F85A800480DFD /* LessonDetailView.swift */; };
		7B18D517282F87FF00480DFD /* AVKit.framework in Frameworks */ = {isa = PBXBuildFile; fileRef = 7B18D516282F87FF00480DFD /* AVKit.framework */; };
/* End PBXBuildFile section */

/* Begin PBXFileReference section */
		7B18D4FB282F7FFA00480DFD /* Lesson.app */ = {isa = PBXFileReference; explicitFileType = wrapper.application; includeInIndex = 0; path = Lesson.app; sourceTree = BUILT_PRODUCTS_DIR; };
		7B18D4FE282F7FFA00480DFD /* LessonApp.swift */ = {isa = PBXFileReference; lastKnownFileType = sourcecode.swift; path = LessonApp.swift; sourceTree = "<group>"; };
		7B18D500282F7FFA00480DFD /* LessonListView.swift */ = {isa = PBXFileReference; lastKnownFileType = sourcecode.swift; path = LessonListView.swift; sourceTree = "<group>"; };
		7B18D502282F7FFF00480DFD /* Assets.xcassets */ = {isa = PBXFileReference; lastKnownFileType = folder.assetcatalog; path = Assets.xcassets; sourceTree = "<group>"; };
		7B18D505282F7FFF00480DFD /* Preview Assets.xcassets */ = {isa = PBXFileReference; lastKnownFileType = folder.assetcatalog; path = "Preview Assets.xcassets"; sourceTree = "<group>"; };
		7B18D50C282F805800480DFD /* Lesson.swift */ = {isa = PBXFileReference; lastKnownFileType = sourcecode.swift; path = Lesson.swift; sourceTree = "<group>"; };
		7B18D50E282F808F00480DFD /* LessonData.swift */ = {isa = PBXFileReference; lastKnownFileType = sourcecode.swift; path = LessonData.swift; sourceTree = "<group>"; };
		7B18D510282F85A800480DFD /* LessonDetailView.swift */ = {isa = PBXFileReference; lastKnownFileType = sourcecode.swift; path = LessonDetailView.swift; sourceTree = "<group>"; };
		7B18D516282F87FF00480DFD /* AVKit.framework */ = {isa = PBXFileReference; lastKnownFileType = wrapper.framework; name = AVKit.framework; path = System/Library/Frameworks/AVKit.framework; sourceTree = SDKROOT; };
/* End PBXFileReference section */

/* Begin PBXFrameworksBuildPhase section */
		7B18D4F8282F7FFA00480DFD /* Frameworks */ = {
			isa = PBXFrameworksBuildPhase;
			buildActionMask = 2147483647;
			files = (
				7B18D517282F87FF00480DFD /* AVKit.framework in Frameworks */,
			);
			runOnlyForDeploymentPostprocessing = 0;
		};
/* End PBXFrameworksBuildPhase section */

/* Begin PBXGroup section */
		7B18D4F2282F7FFA00480DFD = {
			isa = PBXGroup;
			children = (
				7B18D4FD282F7FFA00480DFD /* Lesson */,
				7B18D4FC282F7FFA00480DFD /* Products */,
				7B18D515282F87FF00480DFD /* Frameworks */,
			);
			sourceTree = "<group>";
		};
		7B18D4FC282F7FFA00480DFD /* Products */ = {
			isa = PBXGroup;
			children = (
				7B18D4FB282F7FFA00480DFD /* Lesson.app */,
			);
			name = Products;
			sourceTree = "<group>";
		};
		7B18D4FD282F7FFA00480DFD /* Lesson */ = {
			isa = PBXGroup;
			children = (
				7B18D4FE282F7FFA00480DFD /* LessonApp.swift */,
				7B18D513282F85C500480DFD /* Views */,
				7B18D514282F85D100480DFD /* VIew Model */,
				7B18D512282F85BC00480DFD /* Model */,
				7B18D502282F7FFF00480DFD /* Assets.xcassets */,
				7B18D504282F7FFF00480DFD /* Preview Content */,
			);
			path = Lesson;
			sourceTree = "<group>";
		};
		7B18D504282F7FFF00480DFD /* Preview Content */ = {
			isa = PBXGroup;
			children = (
				7B18D505282F7FFF00480DFD /* Preview Assets.xcassets */,
			);
			path = "Preview Content";
			sourceTree = "<group>";
		};
		7B18D512282F85BC00480DFD /* Model */ = {
			isa = PBXGroup;
			children = (
				7B18D50C282F805800480DFD /* Lesson.swift */,
			);
			path = Model;
			sourceTree = "<group>";
		};
		7B18D513282F85C500480DFD /* Views */ = {
			isa = PBXGroup;
			children = (
				7B18D500282F7FFA00480DFD /* LessonListView.swift */,
				7B18D510282F85A800480DFD /* LessonDetailView.swift */,
			);
			path = Views;
			sourceTree = "<group>";
		};
		7B18D514282F85D100480DFD /* VIew Model */ = {
			isa = PBXGroup;
			children = (
				7B18D50E282F808F00480DFD /* LessonData.swift */,
			);
			path = "VIew Model";
			sourceTree = "<group>";
		};
		7B18D515282F87FF00480DFD /* Frameworks */ = {
			isa = PBXGroup;
			children = (
				7B18D516282F87FF00480DFD /* AVKit.framework */,
			);
			name = Frameworks;
			sourceTree = "<group>";
		};
/* End PBXGroup section */

/* Begin PBXNativeTarget section */
		7B18D4FA282F7FFA00480DFD /* Lesson */ = {
			isa = PBXNativeTarget;
			buildConfigurationList = 7B18D509282F7FFF00480DFD /* Build configuration list for PBXNativeTarget "Lesson" */;
			buildPhases = (
				7B18D4F7282F7FFA00480DFD /* Sources */,
				7B18D4F8282F7FFA00480DFD /* Frameworks */,
				7B18D4F9282F7FFA00480DFD /* Resources */,
			);
			buildRules = (
			);
			dependencies = (
			);
			name = Lesson;
			productName = Lesson;
			productReference = 7B18D4FB282F7FFA00480DFD /* Lesson.app */;
			productType = "com.apple.product-type.application";
		};
/* End PBXNativeTarget section */

/* Begin PBXProject section */
		7B18D4F3282F7FFA00480DFD /* Project object */ = {
			isa = PBXProject;
			attributes = {
				BuildIndependentTargetsInParallel = 1;
				LastSwiftUpdateCheck = 1330;
				LastUpgradeCheck = 1330;
				TargetAttributes = {
					7B18D4FA282F7FFA00480DFD = {
						CreatedOnToolsVersion = 13.3.1;
					};
				};
			};
			buildConfigurationList = 7B18D4F6282F7FFA00480DFD /* Build configuration list for PBXProject "Lesson" */;
			compatibilityVersion = "Xcode 13.0";
			developmentRegion = en;
			hasScannedForEncodings = 0;
			knownRegions = (
				en,
				Base,
			);
			mainGroup = 7B18D4F2282F7FFA00480DFD;
			productRefGroup = 7B18D4FC282F7FFA00480DFD /* Products */;
			projectDirPath = "";
			projectRoot = "";
			targets = (
				7B18D4FA282F7FFA00480DFD /* Lesson */,
			);
		};
/* End PBXProject section */

/* Begin PBXResourcesBuildPhase section */
		7B18D4F9282F7FFA00480DFD /* Resources */ = {
			isa = PBXResourcesBuildPhase;
			buildActionMask = 2147483647;
			files = (
				7B18D506282F7FFF00480DFD /* Preview Assets.xcassets in Resources */,
				7B18D503282F7FFF00480DFD /* Assets.xcassets in Resources */,
			);
			runOnlyForDeploymentPostprocessing = 0;
		};
/* End PBXResourcesBuildPhase section */

/* Begin PBXSourcesBuildPhase section */
		7B18D4F7282F7FFA00480DFD /* Sources */ = {
			isa = PBXSourcesBuildPhase;
			buildActionMask = 2147483647;
			files = (
				7B18D50D282F805800480DFD /* Lesson.swift in Sources */,
				7B18D50F282F808F00480DFD /* LessonData.swift in Sources */,
				7B18D501282F7FFA00480DFD /* LessonListView.swift in Sources */,
				7B18D511282F85A800480DFD /* LessonDetailView.swift in Sources */,
				7B18D4FF282F7FFA00480DFD /* LessonApp.swift in Sources */,
			);
			runOnlyForDeploymentPostprocessing = 0;
		};
/* End PBXSourcesBuildPhase section */

/* Begin XCBuildConfiguration section */
		7B18D507282F7FFF00480DFD /* Debug */ = {
			isa = XCBuildConfiguration;
			buildSettings = {
				ALWAYS_SEARCH_USER_PATHS = NO;
				CLANG_ANALYZER_NONNULL = YES;
				CLANG_ANALYZER_NUMBER_OBJECT_CONVERSION = YES_AGGRESSIVE;
				CLANG_CXX_LANGUAGE_STANDARD = "gnu++17";
				CLANG_ENABLE_MODULES = YES;
				CLANG_ENABLE_OBJC_ARC = YES;
				CLANG_ENABLE_OBJC_WEAK = YES;
				CLANG_WARN_BLOCK_CAPTURE_AUTORELEASING = YES;
				CLANG_WARN_BOOL_CONVERSION = YES;
				CLANG_WARN_COMMA = YES;
				CLANG_WARN_CONSTANT_CONVERSION = YES;
				CLANG_WARN_DEPRECATED_OBJC_IMPLEMENTATIONS = YES;
				CLANG_WARN_DIRECT_OBJC_ISA_USAGE = YES_ERROR;
				CLANG_WARN_DOCUMENTATION_COMMENTS = YES;
				CLANG_WARN_EMPTY_BODY = YES;
				CLANG_WARN_ENUM_CONVERSION = YES;
				CLANG_WARN_INFINITE_RECURSION = YES;
				CLANG_WARN_INT_CONVERSION = YES;
				CLANG_WARN_NON_LITERAL_NULL_CONVERSION = YES;
				CLANG_WARN_OBJC_IMPLICIT_RETAIN_SELF = YES;
				CLANG_WARN_OBJC_LITERAL_CONVERSION = YES;
				CLANG_WARN_OBJC_ROOT_CLASS = YES_ERROR;
				CLANG_WARN_QUOTED_INCLUDE_IN_FRAMEWORK_HEADER = YES;
				CLANG_WARN_RANGE_LOOP_ANALYSIS = YES;
				CLANG_WARN_STRICT_PROTOTYPES = YES;
				CLANG_WARN_SUSPICIOUS_MOVE = YES;
				CLANG_WARN_UNGUARDED_AVAILABILITY = YES_AGGRESSIVE;
				CLANG_WARN_UNREACHABLE_CODE = YES;
				CLANG_WARN__DUPLICATE_METHOD_MATCH = YES;
				COPY_PHASE_STRIP = NO;
				DEBUG_INFORMATION_FORMAT = dwarf;
				ENABLE_STRICT_OBJC_MSGSEND = YES;
				ENABLE_TESTABILITY = YES;
				GCC_C_LANGUAGE_STANDARD = gnu11;
				GCC_DYNAMIC_NO_PIC = NO;
				GCC_NO_COMMON_BLOCKS = YES;
				GCC_OPTIMIZATION_LEVEL = 0;
				GCC_PREPROCESSOR_DEFINITIONS = (
					"DEBUG=1",
					"$(inherited)",
				);
				GCC_WARN_64_TO_32_BIT_CONVERSION = YES;
				GCC_WARN_ABOUT_RETURN_TYPE = YES_ERROR;
				GCC_WARN_UNDECLARED_SELECTOR = YES;
				GCC_WARN_UNINITIALIZED_AUTOS = YES_AGGRESSIVE;
				GCC_WARN_UNUSED_FUNCTION = YES;
				GCC_WARN_UNUSED_VARIABLE = YES;
				IPHONEOS_DEPLOYMENT_TARGET = 15.4;
				MTL_ENABLE_DEBUG_INFO = INCLUDE_SOURCE;
				MTL_FAST_MATH = YES;
				ONLY_ACTIVE_ARCH = YES;
				SDKROOT = iphoneos;
				SWIFT_ACTIVE_COMPILATION_CONDITIONS = DEBUG;
				SWIFT_OPTIMIZATION_LEVEL = "-Onone";
			};
			name = Debug;
		};
		7B18D508282F7FFF00480DFD /* Release */ = {
			isa = XCBuildConfiguration;
			buildSettings = {
				ALWAYS_SEARCH_USER_PATHS = NO;
				CLANG_ANALYZER_NONNULL = YES;
				CLANG_ANALYZER_NUMBER_OBJECT_CONVERSION = YES_AGGRESSIVE;
				CLANG_CXX_LANGUAGE_STANDARD = "gnu++17";
				CLANG_ENABLE_MODULES = YES;
				CLANG_ENABLE_OBJC_ARC = YES;
				CLANG_ENABLE_OBJC_WEAK = YES;
				CLANG_WARN_BLOCK_CAPTURE_AUTORELEASING = YES;
				CLANG_WARN_BOOL_CONVERSION = YES;
				CLANG_WARN_COMMA = YES;
				CLANG_WARN_CONSTANT_CONVERSION = YES;
				CLANG_WARN_DEPRECATED_OBJC_IMPLEMENTATIONS = YES;
				CLANG_WARN_DIRECT_OBJC_ISA_USAGE = YES_ERROR;
				CLANG_WARN_DOCUMENTATION_COMMENTS = YES;
				CLANG_WARN_EMPTY_BODY = YES;
				CLANG_WARN_ENUM_CONVERSION = YES;
				CLANG_WARN_INFINITE_RECURSION = YES;
				CLANG_WARN_INT_CONVERSION = YES;
				CLANG_WARN_NON_LITERAL_NULL_CONVERSION = YES;
				CLANG_WARN_OBJC_IMPLICIT_RETAIN_SELF = YES;
				CLANG_WARN_OBJC_LITERAL_CONVERSION = YES;
				CLANG_WARN_OBJC_ROOT_CLASS = YES_ERROR;
				CLANG_WARN_QUOTED_INCLUDE_IN_FRAMEWORK_HEADER = YES;
				CLANG_WARN_RANGE_LOOP_ANALYSIS = YES;
				CLANG_WARN_STRICT_PROTOTYPES = YES;
				CLANG_WARN_SUSPICIOUS_MOVE = YES;
				CLANG_WARN_UNGUARDED_AVAILABILITY = YES_AGGRESSIVE;
				CLANG_WARN_UNREACHABLE_CODE = YES;
				CLANG_WARN__DUPLICATE_METHOD_MATCH = YES;
				COPY_PHASE_STRIP = NO;
				DEBUG_INFORMATION_FORMAT = "dwarf-with-dsym";
				ENABLE_NS_ASSERTIONS = NO;
				ENABLE_STRICT_OBJC_MSGSEND = YES;
				GCC_C_LANGUAGE_STANDARD = gnu11;
				GCC_NO_COMMON_BLOCKS = YES;
				GCC_WARN_64_TO_32_BIT_CONVERSION = YES;
				GCC_WARN_ABOUT_RETURN_TYPE = YES_ERROR;
				GCC_WARN_UNDECLARED_SELECTOR = YES;
				GCC_WARN_UNINITIALIZED_AUTOS = YES_AGGRESSIVE;
				GCC_WARN_UNUSED_FUNCTION = YES;
				GCC_WARN_UNUSED_VARIABLE = YES;
				IPHONEOS_DEPLOYMENT_TARGET = 15.4;
				MTL_ENABLE_DEBUG_INFO = NO;
				MTL_FAST_MATH = YES;
				SDKROOT = iphoneos;
				SWIFT_COMPILATION_MODE = wholemodule;
				SWIFT_OPTIMIZATION_LEVEL = "-O";
				VALIDATE_PRODUCT = YES;
			};
			name = Release;
		};
		7B18D50A282F7FFF00480DFD /* Debug */ = {
			isa = XCBuildConfiguration;
			buildSettings = {
				ASSETCATALOG_COMPILER_APPICON_NAME = AppIcon;
				ASSETCATALOG_COMPILER_GLOBAL_ACCENT_COLOR_NAME = AccentColor;
				CODE_SIGN_STYLE = Automatic;
				CURRENT_PROJECT_VERSION = 1;
				DEVELOPMENT_ASSET_PATHS = "\"Lesson/Preview Content\"";
				DEVELOPMENT_TEAM = K9M6C75JFU;
				ENABLE_PREVIEWS = YES;
				GENERATE_INFOPLIST_FILE = YES;
				INFOPLIST_KEY_UIApplicationSceneManifest_Generation = YES;
				INFOPLIST_KEY_UIApplicationSupportsIndirectInputEvents = YES;
				INFOPLIST_KEY_UILaunchScreen_Generation = YES;
				INFOPLIST_KEY_UISupportedInterfaceOrientations_iPad = "UIInterfaceOrientationPortrait UIInterfaceOrientationPortraitUpsideDown UIInterfaceOrientationLandscapeLeft UIInterfaceOrientationLandscapeRight";
				INFOPLIST_KEY_UISupportedInterfaceOrientations_iPhone = "UIInterfaceOrientationPortrait UIInterfaceOrientationLandscapeLeft UIInterfaceOrientationLandscapeRight";
				LD_RUNPATH_SEARCH_PATHS = (
					"$(inherited)",
					"@executable_path/Frameworks",
				);
				MARKETING_VERSION = 1.0;
				PRODUCT_BUNDLE_IDENTIFIER = com.stem.Lesson;
				PRODUCT_NAME = "$(TARGET_NAME)";
				SWIFT_EMIT_LOC_STRINGS = YES;
				SWIFT_VERSION = 5.0;
				TARGETED_DEVICE_FAMILY = "1,2";
			};
			name = Debug;
		};
		7B18D50B282F7FFF00480DFD /* Release */ = {
			isa = XCBuildConfiguration;
			buildSettings = {
				ASSETCATALOG_COMPILER_APPICON_NAME = AppIcon;
				ASSETCATALOG_COMPILER_GLOBAL_ACCENT_COLOR_NAME = AccentColor;
				CODE_SIGN_STYLE = Automatic;
				CURRENT_PROJECT_VERSION = 1;
				DEVELOPMENT_ASSET_PATHS = "\"Lesson/Preview Content\"";
				DEVELOPMENT_TEAM = K9M6C75JFU;
				ENABLE_PREVIEWS = YES;
				GENERATE_INFOPLIST_FILE = YES;
				INFOPLIST_KEY_UIApplicationSceneManifest_Generation = YES;
				INFOPLIST_KEY_UIApplicationSupportsIndirectInputEvents = YES;
				INFOPLIST_KEY_UILaunchScreen_Generation = YES;
				INFOPLIST_KEY_UISupportedInterfaceOrientations_iPad = "UIInterfaceOrientationPortrait UIInterfaceOrientationPortraitUpsideDown UIInterfaceOrientationLandscapeLeft UIInterfaceOrientationLandscapeRight";
				INFOPLIST_KEY_UISupportedInterfaceOrientations_iPhone = "UIInterfaceOrientationPortrait UIInterfaceOrientationLandscapeLeft UIInterfaceOrientationLandscapeRight";
				LD_RUNPATH_SEARCH_PATHS = (
					"$(inherited)",
					"@executable_path/Frameworks",
				);
				MARKETING_VERSION = 1.0;
				PRODUCT_BUNDLE_IDENTIFIER = com.stem.Lesson;
				PRODUCT_NAME = "$(TARGET_NAME)";
				SWIFT_EMIT_LOC_STRINGS = YES;
				SWIFT_VERSION = 5.0;
				TARGETED_DEVICE_FAMILY = "1,2";
			};
			name = Release;
		};
/* End XCBuildConfiguration section */

/* Begin XCConfigurationList section */
		7B18D4F6282F7FFA00480DFD /* Build configuration list for PBXProject "Lesson" */ = {
			isa = XCConfigurationList;
			buildConfigurations = (
				7B18D507282F7FFF00480DFD /* Debug */,
				7B18D508282F7FFF00480DFD /* Release */,
			);
			defaultConfigurationIsVisible = 0;
			defaultConfigurationName = Release;
		};
		7B18D509282F7FFF00480DFD /* Build configuration list for PBXNativeTarget "Lesson" */ = {
			isa = XCConfigurationList;
			buildConfigurations = (
				7B18D50A282F7FFF00480DFD /* Debug */,
				7B18D50B282F7FFF00480DFD /* Release */,
			);
			defaultConfigurationIsVisible = 0;
			defaultConfigurationName = Release;
		};
/* End XCConfigurationList section */
	};
	rootObject = 7B18D4F3282F7FFA00480DFD /* Project object */;
}
